[root]
name = "ion_core"
version = "0.1.0"
dependencies = [
 "ansi_term 0.9.0 (registry+https://github.com/rust-lang/crates.io-index)",
 "glob 0.2.11 (registry+https://github.com/rust-lang/crates.io-index)",
 "libloading 0.3.0 (registry+https://github.com/rust-lang/crates.io-index)",
 "log 0.3.6 (registry+https://github.com/rust-lang/crates.io-index)",
 "serde 0.8.6 (registry+https://github.com/rust-lang/crates.io-index)",
 "serde_json 0.8.1 (registry+https://github.com/rust-lang/crates.io-index)",
 "serde_macros 0.8.6 (registry+https://github.com/rust-lang/crates.io-index)",
 "zip 0.1.18 (registry+https://github.com/rust-lang/crates.io-index)",
]

[[package]]
name = "ansi_term"
version = "0.9.0"
source = "registry+https://github.com/rust-lang/crates.io-index"

[[package]]
name = "aster"
version = "0.26.1"
source = "registry+https://github.com/rust-lang/crates.io-index"

[[package]]
name = "bzip2"
version = "0.3.0"
source = "registry+https://github.com/rust-lang/crates.io-index"
dependencies = [
 "bzip2-sys 0.1.4 (registry+https://github.com/rust-lang/crates.io-index)",
 "libc 0.2.15 (registry+https://github.com/rust-lang/crates.io-index)",
]

[[package]]
name = "bzip2-sys"
version = "0.1.4"
source = "registry+https://github.com/rust-lang/crates.io-index"
dependencies = [
 "gcc 0.3.35 (registry+https://github.com/rust-lang/crates.io-index)",
 "libc 0.2.15 (registry+https://github.com/rust-lang/crates.io-index)",
]

[[package]]
name = "dtoa"
version = "0.2.2"
source = "registry+https://github.com/rust-lang/crates.io-index"

[[package]]
name = "flate2"
version = "0.2.14"
source = "registry+https://github.com/rust-lang/crates.io-index"
dependencies = [
 "libc 0.2.15 (registry+https://github.com/rust-lang/crates.io-index)",
 "miniz-sys 0.1.7 (registry+https://github.com/rust-lang/crates.io-index)",
]

[[package]]
name = "gcc"
version = "0.3.35"
source = "registry+https://github.com/rust-lang/crates.io-index"

[[package]]
name = "glob"
version = "0.2.11"
source = "registry+https://github.com/rust-lang/crates.io-index"

[[package]]
name = "itoa"
version = "0.1.1"
source = "registry+https://github.com/rust-lang/crates.io-index"

[[package]]
name = "kernel32-sys"
version = "0.2.2"
source = "registry+https://github.com/rust-lang/crates.io-index"
dependencies = [
 "winapi 0.2.8 (registry+https://github.com/rust-lang/crates.io-index)",
 "winapi-build 0.1.1 (registry+https://github.com/rust-lang/crates.io-index)",
]

[[package]]
name = "lazy_static"
version = "0.2.1"
source = "registry+https://github.com/rust-lang/crates.io-index"

[[package]]
name = "libc"
version = "0.2.15"
source = "registry+https://github.com/rust-lang/crates.io-index"

[[package]]
name = "libloading"
version = "0.3.0"
source = "registry+https://github.com/rust-lang/crates.io-index"
dependencies = [
 "kernel32-sys 0.2.2 (registry+https://github.com/rust-lang/crates.io-index)",
 "lazy_static 0.2.1 (registry+https://github.com/rust-lang/crates.io-index)",
 "target_build_utils 0.1.1 (registry+https://github.com/rust-lang/crates.io-index)",
 "winapi 0.2.8 (registry+https://github.com/rust-lang/crates.io-index)",
]

[[package]]
name = "log"
version = "0.3.6"
source = "registry+https://github.com/rust-lang/crates.io-index"

[[package]]
name = "miniz-sys"
version = "0.1.7"
source = "registry+https://github.com/rust-lang/crates.io-index"
dependencies = [
 "gcc 0.3.35 (registry+https://github.com/rust-lang/crates.io-index)",
 "libc 0.2.15 (registry+https://github.com/rust-lang/crates.io-index)",
]

[[package]]
name = "msdos_time"
version = "0.1.4"
source = "registry+https://github.com/rust-lang/crates.io-index"
dependencies = [
 "kernel32-sys 0.2.2 (registry+https://github.com/rust-lang/crates.io-index)",
 "time 0.1.35 (registry+https://github.com/rust-lang/crates.io-index)",
 "winapi 0.2.8 (registry+https://github.com/rust-lang/crates.io-index)",
]

[[package]]
name = "num-traits"
version = "0.1.35"
source = "registry+https://github.com/rust-lang/crates.io-index"

[[package]]
name = "podio"
version = "0.1.5"
source = "registry+https://github.com/rust-lang/crates.io-index"

[[package]]
name = "quasi"
version = "0.19.0"
source = "registry+https://github.com/rust-lang/crates.io-index"

[[package]]
name = "quasi_codegen"
version = "0.19.0"
source = "registry+https://github.com/rust-lang/crates.io-index"
dependencies = [
 "aster 0.26.1 (registry+https://github.com/rust-lang/crates.io-index)",
]

[[package]]
name = "quasi_macros"
version = "0.19.0"
source = "registry+https://github.com/rust-lang/crates.io-index"
dependencies = [
 "quasi_codegen 0.19.0 (registry+https://github.com/rust-lang/crates.io-index)",
]

[[package]]
name = "serde"
version = "0.8.6"
source = "registry+https://github.com/rust-lang/crates.io-index"

[[package]]
name = "serde_codegen"
version = "0.8.6"
source = "registry+https://github.com/rust-lang/crates.io-index"
dependencies = [
 "aster 0.26.1 (registry+https://github.com/rust-lang/crates.io-index)",
 "quasi 0.19.0 (registry+https://github.com/rust-lang/crates.io-index)",
 "quasi_macros 0.19.0 (registry+https://github.com/rust-lang/crates.io-index)",
 "serde_codegen_internals 0.8.0 (registry+https://github.com/rust-lang/crates.io-index)",
]

[[package]]
name = "serde_codegen_internals"
version = "0.8.0"
source = "registry+https://github.com/rust-lang/crates.io-index"

[[package]]
name = "serde_json"
version = "0.8.1"
source = "registry+https://github.com/rust-lang/crates.io-index"
dependencies = [
 "dtoa 0.2.2 (registry+https://github.com/rust-lang/crates.io-index)",
 "itoa 0.1.1 (registry+https://github.com/rust-lang/crates.io-index)",
 "num-traits 0.1.35 (registry+https://github.com/rust-lang/crates.io-index)",
 "serde 0.8.6 (registry+https://github.com/rust-lang/crates.io-index)",
]

[[package]]
name = "serde_macros"
version = "0.8.6"
source = "registry+https://github.com/rust-lang/crates.io-index"
dependencies = [
 "serde_codegen 0.8.6 (registry+https://github.com/rust-lang/crates.io-index)",
]

[[package]]
name = "target_build_utils"
version = "0.1.1"
source = "registry+https://github.com/rust-lang/crates.io-index"
dependencies = [
 "serde_json 0.8.1 (registry+https://github.com/rust-lang/crates.io-index)",
]

[[package]]
name = "time"
version = "0.1.35"
source = "registry+https://github.com/rust-lang/crates.io-index"
dependencies = [
 "kernel32-sys 0.2.2 (registry+https://github.com/rust-lang/crates.io-index)",
 "libc 0.2.15 (registry+https://github.com/rust-lang/crates.io-index)",
 "winapi 0.2.8 (registry+https://github.com/rust-lang/crates.io-index)",
]

[[package]]
name = "winapi"
version = "0.2.8"
source = "registry+https://github.com/rust-lang/crates.io-index"

[[package]]
name = "winapi-build"
version = "0.1.1"
source = "registry+https://github.com/rust-lang/crates.io-index"

[[package]]
name = "zip"
version = "0.1.18"
source = "registry+https://github.com/rust-lang/crates.io-index"
dependencies = [
 "bzip2 0.3.0 (registry+https://github.com/rust-lang/crates.io-index)",
 "flate2 0.2.14 (registry+https://github.com/rust-lang/crates.io-index)",
 "msdos_time 0.1.4 (registry+https://github.com/rust-lang/crates.io-index)",
 "podio 0.1.5 (registry+https://github.com/rust-lang/crates.io-index)",
 "time 0.1.35 (registry+https://github.com/rust-lang/crates.io-index)",
]

[metadata]
"checksum ansi_term 0.9.0 (registry+https://github.com/rust-lang/crates.io-index)" = "23ac7c30002a5accbf7e8987d0632fa6de155b7c3d39d0067317a391e00a2ef6"
"checksum aster 0.26.1 (registry+https://github.com/rust-lang/crates.io-index)" = "baa18cafee9499ac766e76117577b84efa98f43b81964cf167cd800b29176db3"
"checksum bzip2 0.3.0 (registry+https://github.com/rust-lang/crates.io-index)" = "7c30a578393daf45ee6101aa043afa8d47a7e70f05032b15b88b28a7111c6a53"
"checksum bzip2-sys 0.1.4 (registry+https://github.com/rust-lang/crates.io-index)" = "81c91586be5d862524de53126d49c11fef83dc1a8e8034235f37372e3b2da311"
"checksum dtoa 0.2.2 (registry+https://github.com/rust-lang/crates.io-index)" = "0dd841b58510c9618291ffa448da2e4e0f699d984d436122372f446dae62263d"
"checksum flate2 0.2.14 (registry+https://github.com/rust-lang/crates.io-index)" = "3eeb481e957304178d2e782f2da1257f1434dfecbae883bafb61ada2a9fea3bb"
"checksum gcc 0.3.35 (registry+https://github.com/rust-lang/crates.io-index)" = "91ecd03771effb0c968fd6950b37e89476a578aaf1c70297d8e92b6516ec3312"
"checksum glob 0.2.11 (registry+https://github.com/rust-lang/crates.io-index)" = "8be18de09a56b60ed0edf84bc9df007e30040691af7acd1c41874faac5895bfb"
"checksum itoa 0.1.1 (registry+https://github.com/rust-lang/crates.io-index)" = "ae3088ea4baeceb0284ee9eea42f591226e6beaecf65373e41b38d95a1b8e7a1"
"checksum kernel32-sys 0.2.2 (registry+https://github.com/rust-lang/crates.io-index)" = "7507624b29483431c0ba2d82aece8ca6cdba9382bff4ddd0f7490560c056098d"
"checksum lazy_static 0.2.1 (registry+https://github.com/rust-lang/crates.io-index)" = "49247ec2a285bb3dcb23cbd9c35193c025e7251bfce77c1d5da97e6362dffe7f"
"checksum libc 0.2.15 (registry+https://github.com/rust-lang/crates.io-index)" = "23e3757828fa702a20072c37ff47938e9dd331b92fac6e223d26d4b7a55f7ee2"
"checksum libloading 0.3.0 (registry+https://github.com/rust-lang/crates.io-index)" = "2069c3d283cb87f37a08a5040b27f47603e59e988dbe5b2cf2ad768e19100fc3"
"checksum log 0.3.6 (registry+https://github.com/rust-lang/crates.io-index)" = "ab83497bf8bf4ed2a74259c1c802351fcd67a65baa86394b6ba73c36f4838054"
"checksum miniz-sys 0.1.7 (registry+https://github.com/rust-lang/crates.io-index)" = "9d1f4d337a01c32e1f2122510fed46393d53ca35a7f429cb0450abaedfa3ed54"
"checksum msdos_time 0.1.4 (registry+https://github.com/rust-lang/crates.io-index)" = "c04b68cc63a8480fb2550343695f7be72effdec953a9d4508161c3e69041c7d8"
"checksum num-traits 0.1.35 (registry+https://github.com/rust-lang/crates.io-index)" = "8359ea48994f253fa958b5b90b013728b06f54872e5a58bce39540fcdd0f2527"
"checksum podio 0.1.5 (registry+https://github.com/rust-lang/crates.io-index)" = "e5422a1ee1bc57cc47ae717b0137314258138f38fd5f3cea083f43a9725383a0"
"checksum quasi 0.19.0 (registry+https://github.com/rust-lang/crates.io-index)" = "f9b160391362abca7c0e30cead65872b01b03f8371dee7441e130601c9b4d173"
"checksum quasi_codegen 0.19.0 (registry+https://github.com/rust-lang/crates.io-index)" = "bcc10982c4b09697fb79d7725ea5e33ef2b1ff934fdddefa3e83d4f8c50b8d34"
"checksum quasi_macros 0.19.0 (registry+https://github.com/rust-lang/crates.io-index)" = "f4debfba7bd3bfb3d93439a758e0fd9a6ba8c9b8fc0296bf989fe8f8e30de765"
"checksum serde 0.8.6 (registry+https://github.com/rust-lang/crates.io-index)" = "16e5b0b0e8d887f68e6617ceb7f51ed011cba79b249a583f3248fe7883e488b1"
"checksum serde_codegen 0.8.6 (registry+https://github.com/rust-lang/crates.io-index)" = "8c5691b768f6a6a29fef4e57e55de23a5030bde65b9662dc469388f9d2c851de"
"checksum serde_codegen_internals 0.8.0 (registry+https://github.com/rust-lang/crates.io-index)" = "8488640b7caaa438eb05c74466f9fa91a61bb4e4e7520f3c1cfcf77fb10bdb61"
"checksum serde_json 0.8.1 (registry+https://github.com/rust-lang/crates.io-index)" = "0e10f8a9d94b06cf5d3bef66475f04c8ff90950f1be7004c357ff9472ccbaebc"
"checksum serde_macros 0.8.6 (registry+https://github.com/rust-lang/crates.io-index)" = "6ed50b9c47a45df98b39b8d9463a184e34acd71695a8a20ccfe609f9bd7c0dc0"
"checksum target_build_utils 0.1.1 (registry+https://github.com/rust-lang/crates.io-index)" = "7a1be18d4d908e4e5697908de04fdd5099505463fc8eaf1ceb8133ae486936aa"
"checksum time 0.1.35 (registry+https://github.com/rust-lang/crates.io-index)" = "3c7ec6d62a20df54e07ab3b78b9a3932972f4b7981de295563686849eb3989af"
"checksum winapi 0.2.8 (registry+https://github.com/rust-lang/crates.io-index)" = "167dc9d6949a9b857f3451275e911c3f44255842c1f7a76f33c55103a909087a"
"checksum winapi-build 0.1.1 (registry+https://github.com/rust-lang/crates.io-index)" = "2d315eee3b34aca4797b2da6b13ed88266e6d612562a0c46390af8299fc699bc"
"checksum zip 0.1.18 (registry+https://github.com/rust-lang/crates.io-index)" = "3ceb33a75b3d0608942302eed325b59d2c3ed777cc6c01627ae14e5697c6a31c"
